
Microsoft Visual Studio Solution File, Format Version 12.00
# Visual Studio Version 17
VisualStudioVersion = 17.9.34616.47
MinimumVisualStudioVersion = 10.0.40219.1
Project("{FAE04EC0-301F-11D3-BF4B-00C04F79EFBC}") = "Task5.3.1", "Task5.3.1\Task5.3.1.csproj", "{DE7327A0-AE28-4FB1-9ADA-E157E1C171D0}"
EndProject
Global
	GlobalSection(SolutionConfigurationPlatforms) = preSolution
		Debug|Any CPU = Debug|Any CPU
		Release|Any CPU = Release|Any CPU
	EndGlobalSection
	GlobalSection(ProjectConfigurationPlatforms) = postSolution
		{DE7327A0-AE28-4FB1-9ADA-E157E1C171D0}.Debug|Any CPU.ActiveCfg = Debug|Any CPU
		{DE7327A0-AE28-4FB1-9ADA-E157E1C171D0}.Debug|Any CPU.Build.0 = Debug|Any CPU
		{DE7327A0-AE28-4FB1-9ADA-E157E1C171D0}.Release|Any CPU.ActiveCfg = Release|Any CPU
		{DE7327A0-AE28-4FB1-9ADA-E157E1C171D0}.Release|Any CPU.Build.0 = Release|Any CPU
	EndGlobalSection
	GlobalSection(SolutionProperties) = preSolution
		HideSolutionNode = FALSE
	EndGlobalSection
	GlobalSection(ExtensibilityGlobals) = postSolution
		SolutionGuid = {D285E6F9-E35B-4262-9A2F-CEBB3361B8DB}
	EndGlobalSection
EndGlobal
